
Microsoft Visual Studio Solution File, Format Version 12.00
# Visual Studio Version 17
VisualStudioVersion = 17.11.35327.3
MinimumVisualStudioVersion = 10.0.40219.1
Project("{FAE04EC0-301F-11D3-BF4B-00C04F79EFBC}") = "Assignment 7.2 Question 2", "Assignment 7.2 Question 2.csproj", "{C4300E43-6358-47CA-BD23-DF7DE626043B}"
EndProject
Global
	GlobalSection(SolutionConfigurationPlatforms) = preSolution
		Debug|Any CPU = Debug|Any CPU
		Release|Any CPU = Release|Any CPU
	EndGlobalSection
	GlobalSection(ProjectConfigurationPlatforms) = postSolution
		{C4300E43-6358-47CA-BD23-DF7DE626043B}.Debug|Any CPU.ActiveCfg = Debug|Any CPU
		{C4300E43-6358-47CA-BD23-DF7DE626043B}.Debug|Any CPU.Build.0 = Debug|Any CPU
		{C4300E43-6358-47CA-BD23-DF7DE626043B}.Release|Any CPU.ActiveCfg = Release|Any CPU
		{C4300E43-6358-47CA-BD23-DF7DE626043B}.Release|Any CPU.Build.0 = Release|Any CPU
	EndGlobalSection
	GlobalSection(SolutionProperties) = preSolution
		HideSolutionNode = FALSE
	EndGlobalSection
	GlobalSection(ExtensibilityGlobals) = postSolution
		SolutionGuid = {0BCB6ADE-6A4D-4D2E-82AD-1F63EE298EB5}
	EndGlobalSection
EndGlobal
